
Microsoft Visual Studio Solution File, Format Version 12.00
# Visual Studio Version 17
VisualStudioVersion = 17.8.34316.72
MinimumVisualStudioVersion = 10.0.40219.1
Project("{9A19103F-16F7-4668-BE54-9A1E7A4F7556}") = "Booking_Hotel", "Booking_Hotel\Booking_Hotel.csproj", "{329C8D34-6D46-41AC-A950-9A814BD3F91C}"
EndProject
Project("{9A19103F-16F7-4668-BE54-9A1E7A4F7556}") = "Back-end_API", "Back-end_API\Back-end_API.csproj", "{9ACDDDB7-5FDD-4C22-BF74-47BD13BAAA0B}"
EndProject
Global
	GlobalSection(SolutionConfigurationPlatforms) = preSolution
		Debug|Any CPU = Debug|Any CPU
		Release|Any CPU = Release|Any CPU
	EndGlobalSection
	GlobalSection(ProjectConfigurationPlatforms) = postSolution
		{329C8D34-6D46-41AC-A950-9A814BD3F91C}.Debug|Any CPU.ActiveCfg = Debug|Any CPU
		{329C8D34-6D46-41AC-A950-9A814BD3F91C}.Debug|Any CPU.Build.0 = Debug|Any CPU
		{329C8D34-6D46-41AC-A950-9A814BD3F91C}.Release|Any CPU.ActiveCfg = Release|Any CPU
		{329C8D34-6D46-41AC-A950-9A814BD3F91C}.Release|Any CPU.Build.0 = Release|Any CPU
		{9ACDDDB7-5FDD-4C22-BF74-47BD13BAAA0B}.Debug|Any CPU.ActiveCfg = Debug|Any CPU
		{9ACDDDB7-5FDD-4C22-BF74-47BD13BAAA0B}.Debug|Any CPU.Build.0 = Debug|Any CPU
		{9ACDDDB7-5FDD-4C22-BF74-47BD13BAAA0B}.Release|Any CPU.ActiveCfg = Release|Any CPU
		{9ACDDDB7-5FDD-4C22-BF74-47BD13BAAA0B}.Release|Any CPU.Build.0 = Release|Any CPU
	EndGlobalSection
	GlobalSection(SolutionProperties) = preSolution
		HideSolutionNode = FALSE
	EndGlobalSection
	GlobalSection(ExtensibilityGlobals) = postSolution
		SolutionGuid = {44DF8422-9980-45C6-AE55-3BD59EE29D99}
	EndGlobalSection
EndGlobal
